
Microsoft Visual Studio Solution File, Format Version 12.00
# Visual Studio Version 17
VisualStudioVersion = 17.8.34322.80
MinimumVisualStudioVersion = 10.0.40219.1
Project("{FAE04EC0-301F-11D3-BF4B-00C04F79EFBC}") = "LethalCompanySaveModifier", "LethalCompanySaveModifier\LethalCompanySaveModifier.csproj", "{2A4CBB00-5669-4A19-BCC1-BE4511C5654C}"
EndProject
Global
	GlobalSection(SolutionConfigurationPlatforms) = preSolution
		Debug|Any CPU = Debug|Any CPU
		Release|Any CPU = Release|Any CPU
	EndGlobalSection
	GlobalSection(ProjectConfigurationPlatforms) = postSolution
		{2A4CBB00-5669-4A19-BCC1-BE4511C5654C}.Debug|Any CPU.ActiveCfg = Debug|Any CPU
		{2A4CBB00-5669-4A19-BCC1-BE4511C5654C}.Debug|Any CPU.Build.0 = Debug|Any CPU
		{2A4CBB00-5669-4A19-BCC1-BE4511C5654C}.Release|Any CPU.ActiveCfg = Release|Any CPU
		{2A4CBB00-5669-4A19-BCC1-BE4511C5654C}.Release|Any CPU.Build.0 = Release|Any CPU
	EndGlobalSection
	GlobalSection(SolutionProperties) = preSolution
		HideSolutionNode = FALSE
	EndGlobalSection
	GlobalSection(ExtensibilityGlobals) = postSolution
		SolutionGuid = {D88510EF-9C95-40A1-A2D7-39DA48245AF1}
	EndGlobalSection
EndGlobal
